{
    "requires": true,
    "lockfileVersion": 1,
    "dependencies": {
        "@fortawesome/fontawesome-free": {
            "version": "5.15.3",
            "resolved": "https://registry.npmjs.org/@fortawesome/fontawesome-free/-/fontawesome-free-5.15.3.tgz",
            "integrity": "sha512-rFnSUN/QOtnOAgqFRooTA3H57JLDm0QEG/jPdk+tLQNL/eWd+Aok8g3qCI+Q1xuDPWpGW/i9JySpJVsq8Q0s9w=="
        },
        "bootstrap": {
            "version": "4.6.0",
            "resolved": "https://registry.npmjs.org/bootstrap/-/bootstrap-4.6.0.tgz",
            "integrity": "sha512-Io55IuQY3kydzHtbGvQya3H+KorS/M9rSNyfCGCg9WZ4pyT/lCxIlpJgG1GXW/PswzC84Tr2fBYi+7+jFVQQBw=="
        },
        "datatables.net": {
            "version": "1.10.24",
            "resolved": "https://registry.npmjs.org/datatables.net/-/datatables.net-1.10.24.tgz",
            "integrity": "sha512-CwXixvOdinvBCLXvcTloDinWiEM7Geaz+GwyjPrZL+MXIGPcLv4Op1bbWn8ErsI1JWMIWC8Cuf1rnDU2RrFV5w==",
            "requires": {
                "jquery": ">=1.7"
            }
        },
        "datatables.net-bs4": {
            "version": "1.10.24",
            "resolved": "https://registry.npmjs.org/datatables.net-bs4/-/datatables.net-bs4-1.10.24.tgz",
            "integrity": "sha512-NgjQMqCo5pg49c5TWsc78UYhcvWPAFkZ7qH4yKAb1e0eLNCAo+TLeaIsDiAPpcWwP7xpjdAmZIIbXDpspNTCkg==",
            "requires": {
                "datatables.net": "1.10.24",
                "jquery": ">=1.7"
            }
        },
        "desandro-matches-selector": {
            "version": "2.0.2",
            "resolved": "https://registry.npmjs.org/desandro-matches-selector/-/desandro-matches-selector-2.0.2.tgz",
            "integrity": "sha1-cXvu1NwT59jzdi9wem1YpndCGOE="
        },
        "ev-emitter": {
            "version": "1.1.1",
            "resolved": "https://registry.npmjs.org/ev-emitter/-/ev-emitter-1.1.1.tgz",
            "integrity": "sha512-ipiDYhdQSCZ4hSbX4rMW+XzNKMD1prg/sTvoVmSLkuQ1MVlwjJQQA+sW8tMYR3BLUr9KjodFV4pvzunvRhd33Q=="
        },
        "fizzy-ui-utils": {
            "version": "2.0.7",
            "resolved": "https://registry.npmjs.org/fizzy-ui-utils/-/fizzy-ui-utils-2.0.7.tgz",
            "integrity": "sha512-CZXDVXQ1If3/r8s0T+v+qVeMshhfcuq0rqIFgJnrtd+Bu8GmDmqMjntjUePypVtjHXKJ6V4sw9zeyox34n9aCg==",
            "requires": {
                "desandro-matches-selector": "^2.0.0"
            }
        },
        "get-size": {
            "version": "2.0.3",
            "resolved": "https://registry.npmjs.org/get-size/-/get-size-2.0.3.tgz",
            "integrity": "sha512-lXNzT/h/dTjTxRbm9BXb+SGxxzkm97h/PCIKtlN/CBCxxmkkIVV21udumMS93MuVTDX583gqc94v3RjuHmI+2Q=="
        },
        "hammerjs": {
            "version": "2.0.8",
            "resolved": "https://registry.npmjs.org/hammerjs/-/hammerjs-2.0.8.tgz",
            "integrity": "sha1-BO93hiz/K7edMPdpIJWTAiK/YPE="
        },
        "isotope-layout": {
            "version": "3.0.6",
            "resolved": "https://registry.npmjs.org/isotope-layout/-/isotope-layout-3.0.6.tgz",
            "integrity": "sha512-z2ZKablhocXhoNyWwzJPFd7u7FWbYbVJA51Nvsqsod8jH2ExGc1SwDsSWKE54e3PhXzqf2yZPhFSq/c2MR1arw==",
            "requires": {
                "desandro-matches-selector": "^2.0.0",
                "fizzy-ui-utils": "^2.0.4",
                "get-size": "^2.0.0",
                "masonry-layout": "^4.1.0",
                "outlayer": "^2.1.0"
            }
        },
        "jquery": {
            "version": "3.6.0",
            "resolved": "https://registry.npmjs.org/jquery/-/jquery-3.6.0.tgz",
            "integrity": "sha512-JVzAR/AjBvVt2BmYhxRCSYysDsPcssdmTFnzyLEts9qNwmjmu4JTAMYubEfwVOSwpQ1I1sKKFcxhZCI2buerfw=="
        },
        "js-cookie": {
            "version": "2.2.1",
            "resolved": "https://registry.npmjs.org/js-cookie/-/js-cookie-2.2.1.tgz",
            "integrity": "sha512-HvdH2LzI/EAZcUwA8+0nKNtWHqS+ZmijLA30RwZA0bo7ToCckjK5MkGhjED9KoRcXO6BaGI3I9UIzSA1FKFPOQ=="
        },
        "masonry-layout": {
            "version": "4.2.2",
            "resolved": "https://registry.npmjs.org/masonry-layout/-/masonry-layout-4.2.2.tgz",
            "integrity": "sha512-iGtAlrpHNyxaR19CvKC3npnEcAwszXoyJiI8ARV2ePi7fmYhIud25MHK8Zx4P0LCC4d3TNO9+rFa1KoK1OEOaA==",
            "requires": {
                "get-size": "^2.0.2",
                "outlayer": "^2.1.0"
            }
        },
        "outlayer": {
            "version": "2.1.1",
            "resolved": "https://registry.npmjs.org/outlayer/-/outlayer-2.1.1.tgz",
            "integrity": "sha1-KYY7beEOpdrf/8rfoNcokHOH6aI=",
            "requires": {
                "ev-emitter": "^1.0.0",
                "fizzy-ui-utils": "^2.0.0",
                "get-size": "^2.0.2"
            }
        },
        "pdfjs-dist": {
            "version": "2.7.570",
            "resolved": "https://registry.npmjs.org/pdfjs-dist/-/pdfjs-dist-2.7.570.tgz",
            "integrity": "sha512-/ZkA1FwkEOyDaq11JhMLazdwQAA0F9uwrP7h/1L9Akt9KWh1G5/tkzS+bPuUELq2s2GDFnaT+kooN/aSjT7DXQ=="
        },
        "reveal.js": {
            "version": "4.1.0",
            "resolved": "https://registry.npmjs.org/reveal.js/-/reveal.js-4.1.0.tgz",
            "integrity": "sha512-lYOMhxSWgq5jtgspF7eRL0d2rBnHO/VGZ4/qp46yu+eGoWqJkYHEuepEXzx71M8MI6Rf8HBYWaTnKi5uHWcU1Q=="
        },
        "reveal.js-menu": {
            "version": "2.1.0",
            "resolved": "https://registry.npmjs.org/reveal.js-menu/-/reveal.js-menu-2.1.0.tgz",
            "integrity": "sha512-35zp4fHSMyWd15+3CvQ8LrpS+4Gj2qvlkxX3lo5LpITDe6ZkA4A9y1E5fE63YlQl5fp7W1mNgNJr4kCU0s14lA=="
        }
    }
}
